
Microsoft Visual Studio Solution File, Format Version 12.00
# Visual Studio Version 16
VisualStudioVersion = 16.0.30011.22
MinimumVisualStudioVersion = 10.0.40219.1
Project("{9A19103F-16F7-4668-BE54-9A1E7A4F7556}") = "AutoClicker", "AutoClicker.csproj", "{83628B99-8C0E-4254-850F-84367DE3D427}"
	ProjectSection(ProjectDependencies) = postProject
		{1FB5BD71-A4A8-407D-A5D2-40CE6A6EEA73} = {1FB5BD71-A4A8-407D-A5D2-40CE6A6EEA73}
	EndProjectSection
EndProject
Project("{FAE04EC0-301F-11D3-BF4B-00C04F79EFBC}") = "FixedClicker", "..\FixedClicker\FixedClicker.csproj", "{1FB5BD71-A4A8-407D-A5D2-40CE6A6EEA73}"
EndProject
Global
	GlobalSection(SolutionConfigurationPlatforms) = preSolution
		Debug|Any CPU = Debug|Any CPU
		Release|Any CPU = Release|Any CPU
	EndGlobalSection
	GlobalSection(ProjectConfigurationPlatforms) = postSolution
		{83628B99-8C0E-4254-850F-84367DE3D427}.Debug|Any CPU.ActiveCfg = Debug|Any CPU
		{83628B99-8C0E-4254-850F-84367DE3D427}.Debug|Any CPU.Build.0 = Debug|Any CPU
		{83628B99-8C0E-4254-850F-84367DE3D427}.Release|Any CPU.ActiveCfg = Release|Any CPU
		{83628B99-8C0E-4254-850F-84367DE3D427}.Release|Any CPU.Build.0 = Release|Any CPU
		{1FB5BD71-A4A8-407D-A5D2-40CE6A6EEA73}.Debug|Any CPU.ActiveCfg = Debug|Any CPU
		{1FB5BD71-A4A8-407D-A5D2-40CE6A6EEA73}.Debug|Any CPU.Build.0 = Debug|Any CPU
		{1FB5BD71-A4A8-407D-A5D2-40CE6A6EEA73}.Release|Any CPU.ActiveCfg = Release|Any CPU
		{1FB5BD71-A4A8-407D-A5D2-40CE6A6EEA73}.Release|Any CPU.Build.0 = Release|Any CPU
	EndGlobalSection
	GlobalSection(SolutionProperties) = preSolution
		HideSolutionNode = FALSE
	EndGlobalSection
	GlobalSection(ExtensibilityGlobals) = postSolution
		SolutionGuid = {86DA49C8-9BC6-4A4C-A99A-381303E05965}
	EndGlobalSection
EndGlobal
